
Microsoft Visual Studio Solution File, Format Version 12.00
# Visual Studio Version 17
VisualStudioVersion = 17.9.34607.119
MinimumVisualStudioVersion = 10.0.40219.1
Project("{FAE04EC0-301F-11D3-BF4B-00C04F79EFBC}") = "QuanLyBanHang.DataLayer", "QuanLyBanHang.DataLayer\QuanLyBanHang.DataLayer.csproj", "{8034EEB5-8961-440B-91AB-90C32882620A}"
EndProject
Project("{FAE04EC0-301F-11D3-BF4B-00C04F79EFBC}") = "QuanLyBanHang.BusinessLayer", "QuanLyBanHang.BusinessLayer\QuanLyBanHang.BusinessLayer.csproj", "{4E719953-D727-4275-B1AE-43B273016D81}"
EndProject
Project("{FAE04EC0-301F-11D3-BF4B-00C04F79EFBC}") = "QuanLyBanHang.DTO", "QuanLyBanHang.DTO\QuanLyBanHang.DTO.csproj", "{A89DB7BA-5E0B-4B97-8DE1-437B8006A41B}"
EndProject
Project("{FAE04EC0-301F-11D3-BF4B-00C04F79EFBC}") = "QuanLyBanHang.Common", "QuanLyBanHang.Common\QuanLyBanHang.Common.csproj", "{88A6432F-98A5-460B-8138-1F1D60336B3F}"
EndProject
Project("{FAE04EC0-301F-11D3-BF4B-00C04F79EFBC}") = "QuanLyHanHang.WFA", "QuanLyHanHang.WFA\QuanLyHanHang.WFA.csproj", "{CD5B238E-A917-40A8-AF4E-BE6ED89910FE}"
EndProject
Global
	GlobalSection(SolutionConfigurationPlatforms) = preSolution
		Debug|Any CPU = Debug|Any CPU
		Release|Any CPU = Release|Any CPU
	EndGlobalSection
	GlobalSection(ProjectConfigurationPlatforms) = postSolution
		{8034EEB5-8961-440B-91AB-90C32882620A}.Debug|Any CPU.ActiveCfg = Debug|Any CPU
		{8034EEB5-8961-440B-91AB-90C32882620A}.Debug|Any CPU.Build.0 = Debug|Any CPU
		{8034EEB5-8961-440B-91AB-90C32882620A}.Release|Any CPU.ActiveCfg = Release|Any CPU
		{8034EEB5-8961-440B-91AB-90C32882620A}.Release|Any CPU.Build.0 = Release|Any CPU
		{4E719953-D727-4275-B1AE-43B273016D81}.Debug|Any CPU.ActiveCfg = Debug|Any CPU
		{4E719953-D727-4275-B1AE-43B273016D81}.Debug|Any CPU.Build.0 = Debug|Any CPU
		{4E719953-D727-4275-B1AE-43B273016D81}.Release|Any CPU.ActiveCfg = Release|Any CPU
		{4E719953-D727-4275-B1AE-43B273016D81}.Release|Any CPU.Build.0 = Release|Any CPU
		{A89DB7BA-5E0B-4B97-8DE1-437B8006A41B}.Debug|Any CPU.ActiveCfg = Debug|Any CPU
		{A89DB7BA-5E0B-4B97-8DE1-437B8006A41B}.Debug|Any CPU.Build.0 = Debug|Any CPU
		{A89DB7BA-5E0B-4B97-8DE1-437B8006A41B}.Release|Any CPU.ActiveCfg = Release|Any CPU
		{A89DB7BA-5E0B-4B97-8DE1-437B8006A41B}.Release|Any CPU.Build.0 = Release|Any CPU
		{88A6432F-98A5-460B-8138-1F1D60336B3F}.Debug|Any CPU.ActiveCfg = Debug|Any CPU
		{88A6432F-98A5-460B-8138-1F1D60336B3F}.Debug|Any CPU.Build.0 = Debug|Any CPU
		{88A6432F-98A5-460B-8138-1F1D60336B3F}.Release|Any CPU.ActiveCfg = Release|Any CPU
		{88A6432F-98A5-460B-8138-1F1D60336B3F}.Release|Any CPU.Build.0 = Release|Any CPU
		{CD5B238E-A917-40A8-AF4E-BE6ED89910FE}.Debug|Any CPU.ActiveCfg = Debug|Any CPU
		{CD5B238E-A917-40A8-AF4E-BE6ED89910FE}.Debug|Any CPU.Build.0 = Debug|Any CPU
		{CD5B238E-A917-40A8-AF4E-BE6ED89910FE}.Release|Any CPU.ActiveCfg = Release|Any CPU
		{CD5B238E-A917-40A8-AF4E-BE6ED89910FE}.Release|Any CPU.Build.0 = Release|Any CPU
	EndGlobalSection
	GlobalSection(SolutionProperties) = preSolution
		HideSolutionNode = FALSE
	EndGlobalSection
	GlobalSection(ExtensibilityGlobals) = postSolution
		SolutionGuid = {6969C964-9379-4C69-987D-DD1E33ABACE1}
	EndGlobalSection
EndGlobal
